lockfileVersion: '9.0'

settings:
  autoInstallPeers: true
  excludeLinksFromLockfile: false

importers:

  .:
    dependencies:
      overpy:
        specifier: 9.7.10
        version: 9.7.10

packages:

  overpy@9.7.10:
    resolution: {integrity: sha512-oX17nauJcPTaKIrRFY/rD0Rl8atqFUVv9Hg2TKH+A68/fC8+ZO344Mkd1A/Y0oOVp1hr5tktMBjzMEDDnMEYUw==}
    hasBin: true

snapshots:

  overpy@9.7.10: {}
