{
  "name": "oracle",
  "lockfileVersion": 3,
  "requires": true,
  "packages": {
    "": {
      "dependencies": {
        "overpy": "9.7.10"
      }
    },
    "node_modules/overpy": {
      "version": "9.7.10",
      "resolved": "https://registry.npmjs.org/overpy/-/overpy-9.7.10.tgz",
      "integrity": "sha512-oX17nauJcPTaKIrRFY/rD0Rl8atqFUVv9Hg2TKH+A68/fC8+ZO344Mkd1A/Y0oOVp1hr5tktMBjzMEDDnMEYUw==",
      "bin": {
        "overpy": "cli.js"
      }
    }
  }
}
